
Microsoft Visual Studio Solution File, Format Version 12.00
# Visual Studio Version 16
VisualStudioVersion = 16.0.29613.14
MinimumVisualStudioVersion = 10.0.40219.1
Project("{9A19103F-16F7-4668-BE54-9A1E7A4F7556}") = "EntidadFinanciera", "TallerDDP\EntidadFinanciera.csproj", "{09325F9C-B0D6-4648-9B20-5943B8D25581}"
EndProject
Project("{9A19103F-16F7-4668-BE54-9A1E7A4F7556}") = "TestEntidadFinanciera", "TestTallerDDP\TestEntidadFinanciera.csproj", "{ADD62191-74E9-4298-98D9-41E5157BCB88}"
EndProject
Global
	GlobalSection(SolutionConfigurationPlatforms) = preSolution
		Debug|Any CPU = Debug|Any CPU
		Release|Any CPU = Release|Any CPU
	EndGlobalSection
	GlobalSection(ProjectConfigurationPlatforms) = postSolution
		{09325F9C-B0D6-4648-9B20-5943B8D25581}.Debug|Any CPU.ActiveCfg = Debug|Any CPU
		{09325F9C-B0D6-4648-9B20-5943B8D25581}.Debug|Any CPU.Build.0 = Debug|Any CPU
		{09325F9C-B0D6-4648-9B20-5943B8D25581}.Release|Any CPU.ActiveCfg = Release|Any CPU
		{09325F9C-B0D6-4648-9B20-5943B8D25581}.Release|Any CPU.Build.0 = Release|Any CPU
		{ADD62191-74E9-4298-98D9-41E5157BCB88}.Debug|Any CPU.ActiveCfg = Debug|Any CPU
		{ADD62191-74E9-4298-98D9-41E5157BCB88}.Debug|Any CPU.Build.0 = Debug|Any CPU
		{ADD62191-74E9-4298-98D9-41E5157BCB88}.Release|Any CPU.ActiveCfg = Release|Any CPU
		{ADD62191-74E9-4298-98D9-41E5157BCB88}.Release|Any CPU.Build.0 = Release|Any CPU
	EndGlobalSection
	GlobalSection(SolutionProperties) = preSolution
		HideSolutionNode = FALSE
	EndGlobalSection
	GlobalSection(ExtensibilityGlobals) = postSolution
		SolutionGuid = {C062EB8A-740C-4773-A312-D262ED4FC7EE}
	EndGlobalSection
EndGlobal
